
Microsoft Visual Studio Solution File, Format Version 12.00
# Visual Studio Version 17
VisualStudioVersion = 17.14.36301.6 d17.14
MinimumVisualStudioVersion = 10.0.40219.1
Project("{FAE04EC0-301F-11D3-BF4B-00C04F79EFBC}") = "Prueba1", "Prueba1\Prueba1.csproj", "{18EE5115-02B5-498B-BC29-CE4E706A4271}"
EndProject
Global
	GlobalSection(SolutionConfigurationPlatforms) = preSolution
		Debug|Any CPU = Debug|Any CPU
		Release|Any CPU = Release|Any CPU
	EndGlobalSection
	GlobalSection(ProjectConfigurationPlatforms) = postSolution
		{18EE5115-02B5-498B-BC29-CE4E706A4271}.Debug|Any CPU.ActiveCfg = Debug|Any CPU
		{18EE5115-02B5-498B-BC29-CE4E706A4271}.Debug|Any CPU.Build.0 = Debug|Any CPU
		{18EE5115-02B5-498B-BC29-CE4E706A4271}.Release|Any CPU.ActiveCfg = Release|Any CPU
		{18EE5115-02B5-498B-BC29-CE4E706A4271}.Release|Any CPU.Build.0 = Release|Any CPU
	EndGlobalSection
	GlobalSection(SolutionProperties) = preSolution
		HideSolutionNode = FALSE
	EndGlobalSection
	GlobalSection(ExtensibilityGlobals) = postSolution
		SolutionGuid = {1C55F73E-3BF7-4CED-AE23-4D05D68A0E79}
	EndGlobalSection
EndGlobal
